schema: '2.0'
stages:
  prepare:
    cmd: python src/prepare.py
    deps:
    - path: data/not_splitted
      hash: md5
      md5: 0fa4ab8e4e129cc04c2b774f926dd8c5.dir
      size: 743667238
      nfiles: 6040
    - path: src/prepare.py
      hash: md5
      md5: 535655ad5591684f558451d9e07cb946
      size: 1343
    outs:
    - path: data/splitted
      hash: md5
      md5: 6b2279adf0e10208323d73b03ea72fbb.dir
      size: 743667238
      nfiles: 6040
  featurize:
    cmd: python src/featurization.py
    deps:
    - path: data/splitted
      hash: md5
      md5: 6b2279adf0e10208323d73b03ea72fbb.dir
      size: 743667238
      nfiles: 6040
    - path: src/featurization.py
      hash: md5
      md5: 47caab107dae49ee45e3dfe012c31cb0
      size: 1276
    outs:
    - path: data/features
      hash: md5
      md5: 74daf1031005e1e4f8934b55db6c11e6.dir
      size: 276502
      nfiles: 2
  train:
    cmd: python src/train.py
    deps:
    - path: data/features
      hash: md5
      md5: 74daf1031005e1e4f8934b55db6c11e6.dir
      size: 276502
      nfiles: 2
    - path: src/train.py
      hash: md5
      md5: 4112855cb44f13ce1c75f0aefc4a4af8
      size: 3356
    outs:
    - path: models
      hash: md5
      md5: 753f62b3e43b09ac64a7262eacb26967.dir
      size: 1709137
      nfiles: 1
    - path: results/train
      hash: md5
      md5: 3fd56758f83baa905958198a0bb8527c.dir
      size: 472
      nfiles: 2
  inference:
    cmd: python src/inference.py
    deps:
    - path: data/features
      hash: md5
      md5: 74daf1031005e1e4f8934b55db6c11e6.dir
      size: 276502
      nfiles: 2
    - path: models
      hash: md5
      md5: 753f62b3e43b09ac64a7262eacb26967.dir
      size: 1709137
      nfiles: 1
    - path: src/inference.py
      hash: md5
      md5: 1ada599405bb1cc82011a6b439b9e224
      size: 4504
    outs:
    - path: results/inference
      hash: md5
      md5: 33233b22a7f681ff82f243e9c9b2a1c1.dir
      size: 75404
      nfiles: 2
    - path: results/metrics
      hash: md5
      md5: e5c8d7655f1f6903c1100b2be126f065.dir
      size: 64
      nfiles: 2
