schema: '2.0'
stages:
  prepare:
    cmd: python src/prepare.py
    deps:
    - path: data/not_splitted
      hash: md5
      md5: 0fa4ab8e4e129cc04c2b774f926dd8c5.dir
      size: 743667238
      nfiles: 6040
    - path: src/prepare.py
      hash: md5
      md5: 535655ad5591684f558451d9e07cb946
      size: 1343
    outs:
    - path: data/splitted
      hash: md5
      md5: 6b2279adf0e10208323d73b03ea72fbb.dir
      size: 743667238
      nfiles: 6040
  featurize:
    cmd: python src/featurization.py
    deps:
    - path: data/splitted
      hash: md5
      md5: 6b2279adf0e10208323d73b03ea72fbb.dir
      size: 743667238
      nfiles: 6040
    - path: src/featurization.py
      hash: md5
      md5: 47caab107dae49ee45e3dfe012c31cb0
      size: 1276
    outs:
    - path: data/features
      hash: md5
      md5: 74daf1031005e1e4f8934b55db6c11e6.dir
      size: 276502
      nfiles: 2
  train:
    cmd: python src/train.py
    deps:
    - path: data/features
      hash: md5
      md5: 74daf1031005e1e4f8934b55db6c11e6.dir
      size: 276502
      nfiles: 2
    - path: src/train.py
      hash: md5
      md5: d56125f9e5b34bb93e388fd54b0a3a65
      size: 3354
    outs:
    - path: models
      hash: md5
      md5: 3d69e13e4601ad933782ad3213284253.dir
      size: 8645279
      nfiles: 1
    - path: results/train
      hash: md5
      md5: 89f45bf448c77e4e60143f0d162b67db.dir
      size: 471
      nfiles: 2
  inference:
    cmd: python src/inference.py
    deps:
    - path: data/features
      hash: md5
      md5: 74daf1031005e1e4f8934b55db6c11e6.dir
      size: 276502
      nfiles: 2
    - path: models
      hash: md5
      md5: 3d69e13e4601ad933782ad3213284253.dir
      size: 8645279
      nfiles: 1
    - path: src/inference.py
      hash: md5
      md5: 1ada599405bb1cc82011a6b439b9e224
      size: 4504
    outs:
    - path: results/inference
      hash: md5
      md5: b691835d538c175d85ce1b6fe630beed.dir
      size: 75600
      nfiles: 2
    - path: results/metrics
      hash: md5
      md5: 5fb9d7f3dd0f75851dc613d017f792d7.dir
      size: 65
      nfiles: 2
